PODS:
  - Flutter (1.0.0)
  - share (0.5.2):
    - Flutter
  - url_launcher (0.0.1):
    - Flutter

DEPENDENCIES:
  - Flutter (from `.symlinks/flutter/ios`)
  - share (from `.symlinks/plugins/share/ios`)
  - url_launcher (from `.symlinks/plugins/url_launcher/ios`)

EXTERNAL SOURCES:
  Flutter:
    :path: ".symlinks/flutter/ios"
  share:
    :path: ".symlinks/plugins/share/ios"
  url_launcher:
    :path: ".symlinks/plugins/url_launcher/ios"

SPEC CHECKSUMS:
  Flutter: 58dd7d1b27887414a370fcccb9e645c08ffd7a6a
  share: 7d22fe8baedfe93aefd864bf0b73f29711fbb0a3
  url_launcher: 0067ddb8f10d36786672aa0722a21717dba3a298

PODFILE CHECKSUM: e4dab8366a5c2a2436ced58745573fa522959922

COCOAPODS: 1.6.0.beta.2
