PODS:
  - Cartography (3.1.0)
  - Flutter (1.0.0)
  - KKBOXOpenAPISwift (1.1.5)
  - kube_player_plugin (0.1.0):
    - Cartography
    - Flutter
    - KKBOXOpenAPISwift (~> 1.1.5)
    - SDWebImage (~> 4.0)
    - youtube-ios-player-helper (~> 0.1.4)
  - SDWebImage (4.4.2):
    - SDWebImage/Core (= 4.4.2)
  - SDWebImage/Core (4.4.2)
  - share (0.5.2):
    - Flutter
  - url_launcher (0.0.1):
    - Flutter
  - youtube-ios-player-helper (0.1.6)

DEPENDENCIES:
  - Flutter (from `.symlinks/flutter/ios`)
  - kube_player_plugin (from `.symlinks/plugins/kube_player_plugin/ios`)
  - share (from `.symlinks/plugins/share/ios`)
  - url_launcher (from `.symlinks/plugins/url_launcher/ios`)

SPEC REPOS:
  https://github.com/cocoapods/specs.git:
    - Cartography
    - KKBOXOpenAPISwift
    - SDWebImage
    - youtube-ios-player-helper

EXTERNAL SOURCES:
  Flutter:
    :path: ".symlinks/flutter/ios"
  kube_player_plugin:
    :path: ".symlinks/plugins/kube_player_plugin/ios"
  share:
    :path: ".symlinks/plugins/share/ios"
  url_launcher:
    :path: ".symlinks/plugins/url_launcher/ios"

SPEC CHECKSUMS:
  Cartography: 1988b7578871a56c036e7af17195cb2190edf18c
  Flutter: 9d0fac939486c9aba2809b7982dfdbb47a7b0296
  KKBOXOpenAPISwift: 9a9b6d61bf61d8614301fbee2c82c9d0cd334d96
  kube_player_plugin: 8b0882b895273d8ee118b48bd5ec092807b55aab
  SDWebImage: 624d6e296c69b244bcede364c72ae0430ac14681
  share: 222b5dcc8031238af9d7de91149df65bad1aef75
  url_launcher: 92b89c1029a0373879933c21642958c874539095
  youtube-ios-player-helper: 21ab92db027c7ff86cb17a3843a3f6eafc8158d2

PODFILE CHECKSUM: e4dab8366a5c2a2436ced58745573fa522959922

COCOAPODS: 1.5.3
